
Microsoft Visual Studio Solution File, Format Version 12.00
Project("{FAE04EC0-301F-11D3-BF4B-00C04F79EFBC}") = "MacrixPoc", "MacrixPoc\MacrixPoc.csproj", "{316930B7-DD35-4C57-A6CD-8B133EA6BCA2}"
EndProject
Project("{2150E333-8FDC-42A3-9474-1A3956D46DE8}") = "Solution Items", "Solution Items", "{BBF318A6-BA0E-41AD-A603-0E2DF14BA1A6}"
	ProjectSection(SolutionItems) = preProject
		docker-compose.yml = docker-compose.yml
	EndProjectSection
EndProject
Project("{FAE04EC0-301F-11D3-BF4B-00C04F79EFBC}") = "Macrix.Database", "Macrix.Database\Macrix.Database.csproj", "{BE2D8D74-DE7D-439C-A90D-4BC87F0BCCDC}"
EndProject
Project("{2150E333-8FDC-42A3-9474-1A3956D46DE8}") = "Core", "Core", "{F0DF7A05-9B33-4339-A6F6-B9929DD5E5D6}"
EndProject
Project("{2150E333-8FDC-42A3-9474-1A3956D46DE8}") = "Modules", "Modules", "{48BC8643-2B5C-46EE-BD58-4C39A6A02C05}"
EndProject
Project("{2150E333-8FDC-42A3-9474-1A3956D46DE8}") = "User", "User", "{700AF445-198A-40D7-89D5-32E465726B33}"
EndProject
Project("{FAE04EC0-301F-11D3-BF4B-00C04F79EFBC}") = "MacrixPoc.User.Application", "MacrixPoc.User.Application\MacrixPoc.User.Application.csproj", "{402753CF-902D-493B-B845-AB2552EA6FD6}"
EndProject
Project("{FAE04EC0-301F-11D3-BF4B-00C04F79EFBC}") = "MacrixPoc.User.Contracts", "MacrixPoc.User.Contracts\MacrixPoc.User.Contracts.csproj", "{45A1A495-14F6-4817-9412-44FE63CD45B5}"
EndProject
Project("{FAE04EC0-301F-11D3-BF4B-00C04F79EFBC}") = "MacrixPoc.User.Infrastructure.Repository", "MacrixPoc.User.Infrastructure.Repository\MacrixPoc.User.Infrastructure.Repository.csproj", "{BCEF6340-0D35-4122-BFA7-14F11ECB23B1}"
EndProject
Project("{FAE04EC0-301F-11D3-BF4B-00C04F79EFBC}") = "MacrixPoc.User.Model", "MacrixPoc.User.Model\MacrixPoc.User.Model.csproj", "{73331345-35E1-406C-B52F-CD685D88F436}"
EndProject
Project("{FAE04EC0-301F-11D3-BF4B-00C04F79EFBC}") = "MacrixPoc.User.Tests", "MacrixPoc.User.Tests\MacrixPoc.User.Tests.csproj", "{BCB7E585-05C0-4DA8-B0A5-110EF04C32E5}"
EndProject
Global
	GlobalSection(SolutionConfigurationPlatforms) = preSolution
		Debug|Any CPU = Debug|Any CPU
		Release|Any CPU = Release|Any CPU
	EndGlobalSection
	GlobalSection(ProjectConfigurationPlatforms) = postSolution
		{316930B7-DD35-4C57-A6CD-8B133EA6BCA2}.Debug|Any CPU.ActiveCfg = Debug|Any CPU
		{316930B7-DD35-4C57-A6CD-8B133EA6BCA2}.Debug|Any CPU.Build.0 = Debug|Any CPU
		{316930B7-DD35-4C57-A6CD-8B133EA6BCA2}.Release|Any CPU.ActiveCfg = Release|Any CPU
		{316930B7-DD35-4C57-A6CD-8B133EA6BCA2}.Release|Any CPU.Build.0 = Release|Any CPU
		{BE2D8D74-DE7D-439C-A90D-4BC87F0BCCDC}.Debug|Any CPU.ActiveCfg = Debug|Any CPU
		{BE2D8D74-DE7D-439C-A90D-4BC87F0BCCDC}.Debug|Any CPU.Build.0 = Debug|Any CPU
		{BE2D8D74-DE7D-439C-A90D-4BC87F0BCCDC}.Release|Any CPU.ActiveCfg = Release|Any CPU
		{BE2D8D74-DE7D-439C-A90D-4BC87F0BCCDC}.Release|Any CPU.Build.0 = Release|Any CPU
		{402753CF-902D-493B-B845-AB2552EA6FD6}.Debug|Any CPU.ActiveCfg = Debug|Any CPU
		{402753CF-902D-493B-B845-AB2552EA6FD6}.Debug|Any CPU.Build.0 = Debug|Any CPU
		{402753CF-902D-493B-B845-AB2552EA6FD6}.Release|Any CPU.ActiveCfg = Release|Any CPU
		{402753CF-902D-493B-B845-AB2552EA6FD6}.Release|Any CPU.Build.0 = Release|Any CPU
		{45A1A495-14F6-4817-9412-44FE63CD45B5}.Debug|Any CPU.ActiveCfg = Debug|Any CPU
		{45A1A495-14F6-4817-9412-44FE63CD45B5}.Debug|Any CPU.Build.0 = Debug|Any CPU
		{45A1A495-14F6-4817-9412-44FE63CD45B5}.Release|Any CPU.ActiveCfg = Release|Any CPU
		{45A1A495-14F6-4817-9412-44FE63CD45B5}.Release|Any CPU.Build.0 = Release|Any CPU
		{BCEF6340-0D35-4122-BFA7-14F11ECB23B1}.Debug|Any CPU.ActiveCfg = Debug|Any CPU
		{BCEF6340-0D35-4122-BFA7-14F11ECB23B1}.Debug|Any CPU.Build.0 = Debug|Any CPU
		{BCEF6340-0D35-4122-BFA7-14F11ECB23B1}.Release|Any CPU.ActiveCfg = Release|Any CPU
		{BCEF6340-0D35-4122-BFA7-14F11ECB23B1}.Release|Any CPU.Build.0 = Release|Any CPU
		{73331345-35E1-406C-B52F-CD685D88F436}.Debug|Any CPU.ActiveCfg = Debug|Any CPU
		{73331345-35E1-406C-B52F-CD685D88F436}.Debug|Any CPU.Build.0 = Debug|Any CPU
		{73331345-35E1-406C-B52F-CD685D88F436}.Release|Any CPU.ActiveCfg = Release|Any CPU
		{73331345-35E1-406C-B52F-CD685D88F436}.Release|Any CPU.Build.0 = Release|Any CPU
		{BCB7E585-05C0-4DA8-B0A5-110EF04C32E5}.Debug|Any CPU.ActiveCfg = Debug|Any CPU
		{BCB7E585-05C0-4DA8-B0A5-110EF04C32E5}.Debug|Any CPU.Build.0 = Debug|Any CPU
		{BCB7E585-05C0-4DA8-B0A5-110EF04C32E5}.Release|Any CPU.ActiveCfg = Release|Any CPU
		{BCB7E585-05C0-4DA8-B0A5-110EF04C32E5}.Release|Any CPU.Build.0 = Release|Any CPU
	EndGlobalSection
	GlobalSection(NestedProjects) = preSolution
		{BE2D8D74-DE7D-439C-A90D-4BC87F0BCCDC} = {F0DF7A05-9B33-4339-A6F6-B9929DD5E5D6}
		{700AF445-198A-40D7-89D5-32E465726B33} = {48BC8643-2B5C-46EE-BD58-4C39A6A02C05}
		{402753CF-902D-493B-B845-AB2552EA6FD6} = {700AF445-198A-40D7-89D5-32E465726B33}
		{45A1A495-14F6-4817-9412-44FE63CD45B5} = {700AF445-198A-40D7-89D5-32E465726B33}
		{BCEF6340-0D35-4122-BFA7-14F11ECB23B1} = {700AF445-198A-40D7-89D5-32E465726B33}
		{73331345-35E1-406C-B52F-CD685D88F436} = {700AF445-198A-40D7-89D5-32E465726B33}
		{BCB7E585-05C0-4DA8-B0A5-110EF04C32E5} = {700AF445-198A-40D7-89D5-32E465726B33}
	EndGlobalSection
EndGlobal
